
Microsoft Visual Studio Solution File, Format Version 12.00
# Visual Studio Version 17
VisualStudioVersion = 17.6.33815.320
MinimumVisualStudioVersion = 10.0.40219.1
Project("{FAE04EC0-301F-11D3-BF4B-00C04F79EFBC}") = "FirstWebAPI", "FirstWebAPI\FirstWebAPI.csproj", "{3CF801BB-B09F-454A-994C-B1AE6C197279}"
EndProject
Global
	GlobalSection(SolutionConfigurationPlatforms) = preSolution
		Debug|Any CPU = Debug|Any CPU
		Release|Any CPU = Release|Any CPU
	EndGlobalSection
	GlobalSection(ProjectConfigurationPlatforms) = postSolution
		{3CF801BB-B09F-454A-994C-B1AE6C197279}.Debug|Any CPU.ActiveCfg = Debug|Any CPU
		{3CF801BB-B09F-454A-994C-B1AE6C197279}.Debug|Any CPU.Build.0 = Debug|Any CPU
		{3CF801BB-B09F-454A-994C-B1AE6C197279}.Release|Any CPU.ActiveCfg = Release|Any CPU
		{3CF801BB-B09F-454A-994C-B1AE6C197279}.Release|Any CPU.Build.0 = Release|Any CPU
	EndGlobalSection
	GlobalSection(SolutionProperties) = preSolution
		HideSolutionNode = FALSE
	EndGlobalSection
	GlobalSection(ExtensibilityGlobals) = postSolution
		SolutionGuid = {D3AE18EA-7892-4912-A0C7-B1F3A90139AA}
	EndGlobalSection
EndGlobal
